# This file is generated by running "yarn install" inside your project.
# Manual changes might be lost - proceed with caution!

__metadata:
  version: 8
  cacheKey: 10c0

"basic-test@workspace:.":
  version: 0.0.0-use.local
  resolution: "basic-test@workspace:."
  languageName: unknown
  linkType: soft

"package-a@workspace:folder-a":
  version: 0.0.0-use.local
  resolution: "package-a@workspace:folder-a"
  dependencies:
    scheduler: "npm:^0.26.0"
  languageName: unknown
  linkType: soft

"package-b@workspace:folder-b":
  version: 0.0.0-use.local
  resolution: "package-b@workspace:folder-b"
  dependencies:
    scheduler: "npm:^0.27.0"
  languageName: unknown
  linkType: soft

"scheduler@npm:^0.26.0":
  version: 0.26.0
  resolution: "scheduler@npm:0.26.0"
  checksum: 10c0/5b8d5bfddaae3513410eda54f2268e98a376a429931921a81b5c3a2873aab7ca4d775a8caac5498f8cbc7d0daeab947cf923dbd8e215d61671f9f4e392d34356
  languageName: node
  linkType: hard

"scheduler@npm:^0.27.0":
  version: 0.27.0
  resolution: "scheduler@npm:0.27.0"
  checksum: 10c0/4f03048cb05a3c8fddc45813052251eca00688f413a3cee236d984a161da28db28ba71bd11e7a3dd02f7af84ab28d39fb311431d3b3772fed557945beb00c452
  languageName: node
  linkType: hard
