# This file is generated by running "yarn install" inside your project.
# Manual changes might be lost - proceed with caution!

__metadata:
  version: 8
  cacheKey: 10c0

"basic@workspace:.":
  version: 0.0.0-use.local
  resolution: "basic@workspace:."
  dependencies:
    react-dom: "npm:^19.2.1"
  languageName: unknown
  linkType: soft

"react-dom@npm:^19.2.1":
  version: 19.2.1
  resolution: "react-dom@npm:19.2.1"
  dependencies:
    scheduler: "npm:^0.27.0"
  peerDependencies:
    react: ^19.2.1
  checksum: 10c0/e56b6b3d72314df580ca800b70a69a21c6372703c8f45d9b5451ca6519faefb2496d76ffa9c5adb94136d2bbf2fd303d0dfc208a2cd77ede3132877471af9470
  languageName: node
  linkType: hard

"scheduler@npm:^0.27.0":
  version: 0.27.0
  resolution: "scheduler@npm:0.27.0"
  checksum: 10c0/4f03048cb05a3c8fddc45813052251eca00688f413a3cee236d984a161da28db28ba71bd11e7a3dd02f7af84ab28d39fb311431d3b3772fed557945beb00c452
  languageName: node
  linkType: hard
