# This file is generated by running "yarn install" inside your project.
# Manual changes might be lost - proceed with caution!

__metadata:
  version: 8
  cacheKey: 10c0

"@babel/code-frame@npm:^7.0.0, @babel/code-frame@npm:^7.27.1":
  version: 7.27.1
  resolution: "@babel/code-frame@npm:7.27.1"
  dependencies:
    "@babel/helper-validator-identifier": "npm:^7.27.1"
    js-tokens: "npm:^4.0.0"
    picocolors: "npm:^1.1.1"
  checksum: 10c0/5dd9a18baa5fce4741ba729acc3a3272c49c25cb8736c4b18e113099520e7ef7b545a4096a26d600e4416157e63e87d66db46aa3fbf0a5f2286da2705c12da00
  languageName: node
  linkType: hard

"@babel/code-frame@npm:^8.0.0-beta.3":
  version: 8.0.0-beta.3
  resolution: "@babel/code-frame@npm:8.0.0-beta.3"
  dependencies:
    "@babel/helper-validator-identifier": "npm:^8.0.0-beta.3"
    js-tokens: "npm:^8.0.0"
    picocolors: "npm:^1.1.1"
  checksum: 10c0/f652946c7b74756e433d685c4ffc88ce55d64c647c6601b41d015984defc77beccc386a84fa0674870c06bcf308c2fde6f87d2bfe730c6176d1e85d70e2c0dba
  languageName: node
  linkType: hard

"@babel/compat-data@npm:^8.0.0-beta.3":
  version: 8.0.0-beta.3
  resolution: "@babel/compat-data@npm:8.0.0-beta.3"
  checksum: 10c0/781f0904f29aa301702a842d5dc5bf4de7d3ea721fbf683ffc2a858a855222beb178ec24c3cc90553f16e644ad837d109bc57349d8b88e7b3aa535c8a7ea87f1
  languageName: node
  linkType: hard

"@babel/core@npm:7.0.0":
  version: 7.0.0
  resolution: "@babel/core@npm:7.0.0"
  dependencies:
    "@babel/code-frame": "npm:^7.0.0"
    "@babel/generator": "npm:^7.0.0"
    "@babel/helpers": "npm:^7.0.0"
    "@babel/parser": "npm:^7.0.0"
    "@babel/template": "npm:^7.0.0"
    "@babel/traverse": "npm:^7.0.0"
    "@babel/types": "npm:^7.0.0"
    convert-source-map: "npm:^1.1.0"
    debug: "npm:^3.1.0"
    json5: "npm:^0.5.0"
    lodash: "npm:^4.17.10"
    resolve: "npm:^1.3.2"
    semver: "npm:^5.4.1"
    source-map: "npm:^0.5.0"
  checksum: 10c0/39e575a3edda79c5e0c04474693dc4cad8ae2b7fd3c04bca7cd1eae33d9fa3fd63a393a57b2cdd6cf484b112a8350aed86daea1187b1cadb16a63762a27e603c
  languageName: node
  linkType: hard

"@babel/core@npm:8.0.0-beta.3":
  version: 8.0.0-beta.3
  resolution: "@babel/core@npm:8.0.0-beta.3"
  dependencies:
    "@babel/code-frame": "npm:^8.0.0-beta.3"
    "@babel/generator": "npm:^8.0.0-beta.3"
    "@babel/helper-compilation-targets": "npm:^8.0.0-beta.3"
    "@babel/helpers": "npm:^8.0.0-beta.3"
    "@babel/parser": "npm:^8.0.0-beta.3"
    "@babel/template": "npm:^8.0.0-beta.3"
    "@babel/traverse": "npm:^8.0.0-beta.3"
    "@babel/types": "npm:^8.0.0-beta.3"
    "@jridgewell/remapping": "npm:^2.3.5"
    "@types/gensync": "npm:^1.0.0"
    convert-source-map: "npm:^2.0.0"
    debug: "npm:^4.1.0"
    gensync: "npm:^1.0.0-beta.2"
    json5: "npm:^2.2.3"
    semver: "npm:^7.3.4"
  peerDependencies:
    "@babel/preset-typescript": ^7.21.4 || ^8.0.0-0
  peerDependenciesMeta:
    "@babel/preset-typescript":
      optional: true
  checksum: 10c0/18e50f364342c8d5b96b52c8b2510f58533dae93b33a38f5379530058a127bf2e02caa6b2e2aad38c1efd3bf70932fda0a92bf695c0c9400e564876d2aea83a0
  languageName: node
  linkType: hard

"@babel/generator@npm:7.3.4":
  version: 7.3.4
  resolution: "@babel/generator@npm:7.3.4"
  dependencies:
    "@babel/types": "npm:^7.3.4"
    jsesc: "npm:^2.5.1"
    lodash: "npm:^4.17.11"
    source-map: "npm:^0.5.0"
    trim-right: "npm:^1.0.1"
  checksum: 10c0/0d0b023ea1ae4a7c1c0a8d3ae4b975f25ab646c4e583b0e0f00088ce2cc081a82f5034233caa292054fce896e4179d4ac5aa213f8693400cd2b515c15b9a2564
  languageName: node
  linkType: hard

"@babel/generator@npm:^7.28.5":
  version: 7.28.5
  resolution: "@babel/generator@npm:7.28.5"
  dependencies:
    "@babel/parser": "npm:^7.28.5"
    "@babel/types": "npm:^7.28.5"
    "@jridgewell/gen-mapping": "npm:^0.3.12"
    "@jridgewell/trace-mapping": "npm:^0.3.28"
    jsesc: "npm:^3.0.2"
  checksum: 10c0/9f219fe1d5431b6919f1a5c60db8d5d34fe546c0d8f5a8511b32f847569234ffc8032beb9e7404649a143f54e15224ecb53a3d11b6bb85c3203e573d91fca752
  languageName: node
  linkType: hard

"@babel/generator@npm:^8.0.0-beta.3":
  version: 8.0.0-beta.3
  resolution: "@babel/generator@npm:8.0.0-beta.3"
  dependencies:
    "@babel/parser": "npm:^8.0.0-beta.3"
    "@babel/types": "npm:^8.0.0-beta.3"
    "@jridgewell/gen-mapping": "npm:^0.3.12"
    "@jridgewell/trace-mapping": "npm:^0.3.28"
    "@types/jsesc": "npm:^2.5.0"
    jsesc: "npm:^3.0.2"
  checksum: 10c0/74f9a6127ec51d61a9cd089eb8348edefedfd78f9e804a38072146984e40c7ce08968a6e373993f8a486bb8da5242cb36dd0717e931376cf50195636f09b4004
  languageName: node
  linkType: hard

"@babel/helper-compilation-targets@npm:^8.0.0-beta.3":
  version: 8.0.0-beta.3
  resolution: "@babel/helper-compilation-targets@npm:8.0.0-beta.3"
  dependencies:
    "@babel/compat-data": "npm:^8.0.0-beta.3"
    "@babel/helper-validator-option": "npm:^8.0.0-beta.3"
    browserslist: "npm:^4.24.0"
    lru-cache: "npm:^7.14.1"
    semver: "npm:^7.3.4"
  checksum: 10c0/b95c9401eab00d7f125a3151aa6dd63a60c292e14bafc9465286e85171a05f538b432b32d9ad51ad7132a0663412fd4296c7ba53b4bdc589aa07ac3eb9d4687e
  languageName: node
  linkType: hard

"@babel/helper-globals@npm:^7.28.0":
  version: 7.28.0
  resolution: "@babel/helper-globals@npm:7.28.0"
  checksum: 10c0/5a0cd0c0e8c764b5f27f2095e4243e8af6fa145daea2b41b53c0c1414fe6ff139e3640f4e2207ae2b3d2153a1abd346f901c26c290ee7cb3881dd922d4ee9232
  languageName: node
  linkType: hard

"@babel/helper-globals@npm:^8.0.0-beta.3":
  version: 8.0.0-beta.3
  resolution: "@babel/helper-globals@npm:8.0.0-beta.3"
  checksum: 10c0/acaf89052d67442e7c0a0d0d940b586928fc1ddb4759a946c5f7303417c8f786cca20ad8a58341fac2b889a0ec1ed8dbedab15d586459cbd3fa71bfd59496706
  languageName: node
  linkType: hard

"@babel/helper-string-parser@npm:^7.27.1":
  version: 7.27.1
  resolution: "@babel/helper-string-parser@npm:7.27.1"
  checksum: 10c0/8bda3448e07b5583727c103560bcf9c4c24b3c1051a4c516d4050ef69df37bb9a4734a585fe12725b8c2763de0a265aa1e909b485a4e3270b7cfd3e4dbe4b602
  languageName: node
  linkType: hard

"@babel/helper-string-parser@npm:^8.0.0-beta.3":
  version: 8.0.0-beta.3
  resolution: "@babel/helper-string-parser@npm:8.0.0-beta.3"
  checksum: 10c0/14f1b4e7c3291abb31fd149e95d9124d1bc7e4094165a557733a0589178722d9185edaa5701d5fa0f3a59fb6c26c208aea1d406ed1d687f0e6ab415100b00df2
  languageName: node
  linkType: hard

"@babel/helper-validator-identifier@npm:^7.27.1, @babel/helper-validator-identifier@npm:^7.28.5":
  version: 7.28.5
  resolution: "@babel/helper-validator-identifier@npm:7.28.5"
  checksum: 10c0/42aaebed91f739a41f3d80b72752d1f95fd7c72394e8e4bd7cdd88817e0774d80a432451bcba17c2c642c257c483bf1d409dd4548883429ea9493a3bc4ab0847
  languageName: node
  linkType: hard

"@babel/helper-validator-identifier@npm:^8.0.0-beta.3":
  version: 8.0.0-beta.3
  resolution: "@babel/helper-validator-identifier@npm:8.0.0-beta.3"
  checksum: 10c0/76b55c373dff2b8e9bfe24123d05ae8d67ab4237c3f976a4e1cb89e8d556c22ae1868d58f186e0cb7ffebd12cd9276df8c0588ac2bf24a1c97864a9e85d08f25
  languageName: node
  linkType: hard

"@babel/helper-validator-option@npm:^8.0.0-beta.3":
  version: 8.0.0-beta.3
  resolution: "@babel/helper-validator-option@npm:8.0.0-beta.3"
  checksum: 10c0/7dc5f6a4d485ed230a2cc1b42532d53b94606a2d699a3a4638f09cec1f23ee4b170304daee1cc3bb03c16b350659858808efa2fc04f7b43180b6d0aa1038ca18
  languageName: node
  linkType: hard

"@babel/helpers@npm:^7.0.0":
  version: 7.28.4
  resolution: "@babel/helpers@npm:7.28.4"
  dependencies:
    "@babel/template": "npm:^7.27.2"
    "@babel/types": "npm:^7.28.4"
  checksum: 10c0/aaa5fb8098926dfed5f223adf2c5e4c7fbba4b911b73dfec2d7d3083f8ba694d201a206db673da2d9b3ae8c01793e795767654558c450c8c14b4c2175b4fcb44
  languageName: node
  linkType: hard

"@babel/helpers@npm:^8.0.0-beta.3":
  version: 8.0.0-beta.3
  resolution: "@babel/helpers@npm:8.0.0-beta.3"
  dependencies:
    "@babel/template": "npm:^8.0.0-beta.3"
    "@babel/types": "npm:^8.0.0-beta.3"
  checksum: 10c0/e4cd7d39fcc428fab4f5e2744f8a608f8d5ffa840bb2a86c573f5eb50c255e62ae846cdf909637f43f81863c45a518164809b9e06a3ce5af4761000d391bc32f
  languageName: node
  linkType: hard

"@babel/parser@npm:^7.0.0, @babel/parser@npm:^7.27.2, @babel/parser@npm:^7.28.5":
  version: 7.28.5
  resolution: "@babel/parser@npm:7.28.5"
  dependencies:
    "@babel/types": "npm:^7.28.5"
  bin:
    parser: ./bin/babel-parser.js
  checksum: 10c0/5bbe48bf2c79594ac02b490a41ffde7ef5aa22a9a88ad6bcc78432a6ba8a9d638d531d868bd1f104633f1f6bba9905746e15185b8276a3756c42b765d131b1ef
  languageName: node
  linkType: hard

"@babel/parser@npm:^8.0.0-beta.3":
  version: 8.0.0-beta.3
  resolution: "@babel/parser@npm:8.0.0-beta.3"
  dependencies:
    "@babel/types": "npm:^8.0.0-beta.3"
  bin:
    parser: ./bin/babel-parser.js
  checksum: 10c0/75554b41987e851ee858866f02f7ec355c1be47a8337c318dd33ce4a05a33c2a8997489e41c03342be845a2a14ac59941c50e7420822fe5bfeed148353c3c833
  languageName: node
  linkType: hard

"@babel/template@npm:^7.0.0, @babel/template@npm:^7.27.2":
  version: 7.27.2
  resolution: "@babel/template@npm:7.27.2"
  dependencies:
    "@babel/code-frame": "npm:^7.27.1"
    "@babel/parser": "npm:^7.27.2"
    "@babel/types": "npm:^7.27.1"
  checksum: 10c0/ed9e9022651e463cc5f2cc21942f0e74544f1754d231add6348ff1b472985a3b3502041c0be62dc99ed2d12cfae0c51394bf827452b98a2f8769c03b87aadc81
  languageName: node
  linkType: hard

"@babel/template@npm:^8.0.0-beta.3":
  version: 8.0.0-beta.3
  resolution: "@babel/template@npm:8.0.0-beta.3"
  dependencies:
    "@babel/code-frame": "npm:^8.0.0-beta.3"
    "@babel/parser": "npm:^8.0.0-beta.3"
    "@babel/types": "npm:^8.0.0-beta.3"
  checksum: 10c0/099e0b15d0650fc6d29a7c4af4ee4eca23ddb242f6f2eb10f428bfc5c396fb8b3ac7c8032d5e3d3b27a4cc77f0effbb8095d687cff43a3da45aa94c446b41ca4
  languageName: node
  linkType: hard

"@babel/traverse@npm:^7.0.0":
  version: 7.28.5
  resolution: "@babel/traverse@npm:7.28.5"
  dependencies:
    "@babel/code-frame": "npm:^7.27.1"
    "@babel/generator": "npm:^7.28.5"
    "@babel/helper-globals": "npm:^7.28.0"
    "@babel/parser": "npm:^7.28.5"
    "@babel/template": "npm:^7.27.2"
    "@babel/types": "npm:^7.28.5"
    debug: "npm:^4.3.1"
  checksum: 10c0/f6c4a595993ae2b73f2d4cd9c062f2e232174d293edd4abe1d715bd6281da8d99e47c65857e8d0917d9384c65972f4acdebc6749a7c40a8fcc38b3c7fb3e706f
  languageName: node
  linkType: hard

"@babel/traverse@npm:^8.0.0-beta.3":
  version: 8.0.0-beta.3
  resolution: "@babel/traverse@npm:8.0.0-beta.3"
  dependencies:
    "@babel/code-frame": "npm:^8.0.0-beta.3"
    "@babel/generator": "npm:^8.0.0-beta.3"
    "@babel/helper-globals": "npm:^8.0.0-beta.3"
    "@babel/parser": "npm:^8.0.0-beta.3"
    "@babel/template": "npm:^8.0.0-beta.3"
    "@babel/types": "npm:^8.0.0-beta.3"
    debug: "npm:^4.3.1"
  checksum: 10c0/906ae26e8368eab7d855fc53a9fab4c3f56e42c82afa412d0ddbcdc43830a9e8b477fe2b666664bec0c141f71c29686450be43232c39830c006a777c15281f8e
  languageName: node
  linkType: hard

"@babel/types@npm:^7.0.0, @babel/types@npm:^7.27.1, @babel/types@npm:^7.28.4, @babel/types@npm:^7.28.5, @babel/types@npm:^7.3.4":
  version: 7.28.5
  resolution: "@babel/types@npm:7.28.5"
  dependencies:
    "@babel/helper-string-parser": "npm:^7.27.1"
    "@babel/helper-validator-identifier": "npm:^7.28.5"
  checksum: 10c0/a5a483d2100befbf125793640dec26b90b95fd233a94c19573325898a5ce1e52cdfa96e495c7dcc31b5eca5b66ce3e6d4a0f5a4a62daec271455959f208ab08a
  languageName: node
  linkType: hard

"@babel/types@npm:^8.0.0-beta.3":
  version: 8.0.0-beta.3
  resolution: "@babel/types@npm:8.0.0-beta.3"
  dependencies:
    "@babel/helper-string-parser": "npm:^8.0.0-beta.3"
    "@babel/helper-validator-identifier": "npm:^8.0.0-beta.3"
  checksum: 10c0/ff59e28ecaaf7cb92a6af4ba2209aa7ded1595862521f0cb5c58d81f6eeb781d8f5b6249800942bcebe43c6f3bbdc63b200331497ab495e9180e5234f212b66c
  languageName: node
  linkType: hard

"@jridgewell/gen-mapping@npm:^0.3.12, @jridgewell/gen-mapping@npm:^0.3.5":
  version: 0.3.13
  resolution: "@jridgewell/gen-mapping@npm:0.3.13"
  dependencies:
    "@jridgewell/sourcemap-codec": "npm:^1.5.0"
    "@jridgewell/trace-mapping": "npm:^0.3.24"
  checksum: 10c0/9a7d65fb13bd9aec1fbab74cda08496839b7e2ceb31f5ab922b323e94d7c481ce0fc4fd7e12e2610915ed8af51178bdc61e168e92a8c8b8303b030b03489b13b
  languageName: node
  linkType: hard

"@jridgewell/remapping@npm:^2.3.5":
  version: 2.3.5
  resolution: "@jridgewell/remapping@npm:2.3.5"
  dependencies:
    "@jridgewell/gen-mapping": "npm:^0.3.5"
    "@jridgewell/trace-mapping": "npm:^0.3.24"
  checksum: 10c0/3de494219ffeb2c5c38711d0d7bb128097edf91893090a2dbc8ee0b55d092bb7347b1fd0f478486c5eab010e855c73927b1666f2107516d472d24a73017d1194
  languageName: node
  linkType: hard

"@jridgewell/resolve-uri@npm:^3.1.0":
  version: 3.1.2
  resolution: "@jridgewell/resolve-uri@npm:3.1.2"
  checksum: 10c0/d502e6fb516b35032331406d4e962c21fe77cdf1cbdb49c6142bcbd9e30507094b18972778a6e27cbad756209cfe34b1a27729e6fa08a2eb92b33943f680cf1e
  languageName: node
  linkType: hard

"@jridgewell/sourcemap-codec@npm:^1.4.14, @jridgewell/sourcemap-codec@npm:^1.5.0":
  version: 1.5.5
  resolution: "@jridgewell/sourcemap-codec@npm:1.5.5"
  checksum: 10c0/f9e538f302b63c0ebc06eecb1dd9918dd4289ed36147a0ddce35d6ea4d7ebbda243cda7b2213b6a5e1d8087a298d5cf630fb2bd39329cdecb82017023f6081a0
  languageName: node
  linkType: hard

"@jridgewell/trace-mapping@npm:^0.3.24, @jridgewell/trace-mapping@npm:^0.3.28":
  version: 0.3.31
  resolution: "@jridgewell/trace-mapping@npm:0.3.31"
  dependencies:
    "@jridgewell/resolve-uri": "npm:^3.1.0"
    "@jridgewell/sourcemap-codec": "npm:^1.4.14"
  checksum: 10c0/4b30ec8cd56c5fd9a661f088230af01e0c1a3888d11ffb6b47639700f71225be21d1f7e168048d6d4f9449207b978a235c07c8f15c07705685d16dc06280e9d9
  languageName: node
  linkType: hard

"@types/gensync@npm:^1.0.0":
  version: 1.0.4
  resolution: "@types/gensync@npm:1.0.4"
  checksum: 10c0/1daeb1693196a85ee68b82f3fb30906a1cccede69d492b190de80ff20cec2d528d98cad866d733fd83cb171096dfe8c26c9c02c50ffb93e1113d48bd79daa556
  languageName: node
  linkType: hard

"@types/jsesc@npm:^2.5.0":
  version: 2.5.1
  resolution: "@types/jsesc@npm:2.5.1"
  checksum: 10c0/12ba7bf5968aeeb36408269f4b5a39718efc6411fa197cf0f5e967ba36ad7b7d555b78787fc480db43ce63ebe6ab0ffe5fd9f64b1ea3b0d073877f0747491b30
  languageName: node
  linkType: hard

"baseline-browser-mapping@npm:^2.9.0":
  version: 2.9.9
  resolution: "baseline-browser-mapping@npm:2.9.9"
  bin:
    baseline-browser-mapping: dist/cli.js
  checksum: 10c0/0671f176b69672a25ac7036b9fa4cf9968125c8daa8eda916f2db6c602e17f755cb6cc6c4546a70924301630f6a95f1d12ee80c92432c1a232b4f4419510b467
  languageName: node
  linkType: hard

"browserslist@npm:^4.24.0":
  version: 4.28.1
  resolution: "browserslist@npm:4.28.1"
  dependencies:
    baseline-browser-mapping: "npm:^2.9.0"
    caniuse-lite: "npm:^1.0.30001759"
    electron-to-chromium: "npm:^1.5.263"
    node-releases: "npm:^2.0.27"
    update-browserslist-db: "npm:^1.2.0"
  bin:
    browserslist: cli.js
  checksum: 10c0/545a5fa9d7234e3777a7177ec1e9134bb2ba60a69e6b95683f6982b1473aad347c77c1264ccf2ac5dea609a9731fbfbda6b85782bdca70f80f86e28a402504bd
  languageName: node
  linkType: hard

"caniuse-lite@npm:^1.0.30001759":
  version: 1.0.30001760
  resolution: "caniuse-lite@npm:1.0.30001760"
  checksum: 10c0/cee26dff5c5b15ba073ab230200e43c0d4e88dc3bac0afe0c9ab963df70aaa876c3e513dde42a027f317136bf6e274818d77b073708b74c5807dfad33c029d3c
  languageName: node
  linkType: hard

"convert-source-map@npm:^1.1.0":
  version: 1.9.0
  resolution: "convert-source-map@npm:1.9.0"
  checksum: 10c0/281da55454bf8126cbc6625385928c43479f2060984180c42f3a86c8b8c12720a24eac260624a7d1e090004028d2dee78602330578ceec1a08e27cb8bb0a8a5b
  languageName: node
  linkType: hard

"convert-source-map@npm:^2.0.0":
  version: 2.0.0
  resolution: "convert-source-map@npm:2.0.0"
  checksum: 10c0/8f2f7a27a1a011cc6cc88cc4da2d7d0cfa5ee0369508baae3d98c260bb3ac520691464e5bbe4ae7cdf09860c1d69ecc6f70c63c6e7c7f7e3f18ec08484dc7d9b
  languageName: node
  linkType: hard

"debug@npm:^3.1.0":
  version: 3.2.7
  resolution: "debug@npm:3.2.7"
  dependencies:
    ms: "npm:^2.1.1"
  checksum: 10c0/37d96ae42cbc71c14844d2ae3ba55adf462ec89fd3a999459dec3833944cd999af6007ff29c780f1c61153bcaaf2c842d1e4ce1ec621e4fc4923244942e4a02a
  languageName: node
  linkType: hard

"debug@npm:^4.1.0, debug@npm:^4.3.1":
  version: 4.4.3
  resolution: "debug@npm:4.4.3"
  dependencies:
    ms: "npm:^2.1.3"
  peerDependenciesMeta:
    supports-color:
      optional: true
  checksum: 10c0/d79136ec6c83ecbefd0f6a5593da6a9c91ec4d7ddc4b54c883d6e71ec9accb5f67a1a5e96d00a328196b5b5c86d365e98d8a3a70856aaf16b4e7b1985e67f5a6
  languageName: node
  linkType: hard

"electron-to-chromium@npm:^1.5.263":
  version: 1.5.267
  resolution: "electron-to-chromium@npm:1.5.267"
  checksum: 10c0/0732bdb891b657f2e43266a3db8cf86fff6cecdcc8d693a92beff214e136cb5c2ee7dc5945ed75fa1db16e16bad0c38695527a020d15f39e79084e0b2e447621
  languageName: node
  linkType: hard

"escalade@npm:^3.2.0":
  version: 3.2.0
  resolution: "escalade@npm:3.2.0"
  checksum: 10c0/ced4dd3a78e15897ed3be74e635110bbf3b08877b0a41be50dcb325ee0e0b5f65fc2d50e9845194d7c4633f327e2e1c6cce00a71b617c5673df0374201d67f65
  languageName: node
  linkType: hard

"function-bind@npm:^1.1.2":
  version: 1.1.2
  resolution: "function-bind@npm:1.1.2"
  checksum: 10c0/d8680ee1e5fcd4c197e4ac33b2b4dce03c71f4d91717292785703db200f5c21f977c568d28061226f9b5900cbcd2c84463646134fd5337e7925e0942bc3f46d5
  languageName: node
  linkType: hard

"gensync@npm:^1.0.0-beta.2":
  version: 1.0.0-beta.2
  resolution: "gensync@npm:1.0.0-beta.2"
  checksum: 10c0/782aba6cba65b1bb5af3b095d96249d20edbe8df32dbf4696fd49be2583faf676173bf4809386588828e4dd76a3354fcbeb577bab1c833ccd9fc4577f26103f8
  languageName: node
  linkType: hard

"hasown@npm:^2.0.2":
  version: 2.0.2
  resolution: "hasown@npm:2.0.2"
  dependencies:
    function-bind: "npm:^1.1.2"
  checksum: 10c0/3769d434703b8ac66b209a4cca0737519925bbdb61dd887f93a16372b14694c63ff4e797686d87c90f08168e81082248b9b028bad60d4da9e0d1148766f56eb9
  languageName: node
  linkType: hard

"is-core-module@npm:^2.16.1":
  version: 2.16.1
  resolution: "is-core-module@npm:2.16.1"
  dependencies:
    hasown: "npm:^2.0.2"
  checksum: 10c0/898443c14780a577e807618aaae2b6f745c8538eca5c7bc11388a3f2dc6de82b9902bcc7eb74f07be672b11bbe82dd6a6edded44a00cb3d8f933d0459905eedd
  languageName: node
  linkType: hard

"js-tokens@npm:^4.0.0":
  version: 4.0.0
  resolution: "js-tokens@npm:4.0.0"
  checksum: 10c0/e248708d377aa058eacf2037b07ded847790e6de892bbad3dac0abba2e759cb9f121b00099a65195616badcb6eca8d14d975cb3e89eb1cfda644756402c8aeed
  languageName: node
  linkType: hard

"js-tokens@npm:^8.0.0":
  version: 8.0.3
  resolution: "js-tokens@npm:8.0.3"
  checksum: 10c0/b50ba7d926b087ad31949d8155c7bc84374e0785019b17bdddeb2c4f98f5dea04ba464651fe23a8be4f7d15f50d06ce8bb536087b24ce3ebfbaea4a1dc5869f0
  languageName: node
  linkType: hard

"jsesc@npm:^2.5.1":
  version: 2.5.2
  resolution: "jsesc@npm:2.5.2"
  bin:
    jsesc: bin/jsesc
  checksum: 10c0/dbf59312e0ebf2b4405ef413ec2b25abb5f8f4d9bc5fb8d9f90381622ebca5f2af6a6aa9a8578f65903f9e33990a6dc798edd0ce5586894bf0e9e31803a1de88
  languageName: node
  linkType: hard

"jsesc@npm:^3.0.2":
  version: 3.1.0
  resolution: "jsesc@npm:3.1.0"
  bin:
    jsesc: bin/jsesc
  checksum: 10c0/531779df5ec94f47e462da26b4cbf05eb88a83d9f08aac2ba04206508fc598527a153d08bd462bae82fc78b3eaa1a908e1a4a79f886e9238641c4cdefaf118b1
  languageName: node
  linkType: hard

"json5@npm:^0.5.0":
  version: 0.5.1
  resolution: "json5@npm:0.5.1"
  bin:
    json5: lib/cli.js
  checksum: 10c0/aca0ab7ccf1883d3fc2ecc16219bc389716a773f774552817deaadb549acc0bb502e317a81946fc0a48f9eb6e0822cf1dc5a097009203f2c94de84c8db02a1f3
  languageName: node
  linkType: hard

"json5@npm:^2.2.3":
  version: 2.2.3
  resolution: "json5@npm:2.2.3"
  bin:
    json5: lib/cli.js
  checksum: 10c0/5a04eed94810fa55c5ea138b2f7a5c12b97c3750bc63d11e511dcecbfef758003861522a070c2272764ee0f4e3e323862f386945aeb5b85b87ee43f084ba586c
  languageName: node
  linkType: hard

"lodash@npm:^4.17.10, lodash@npm:^4.17.11":
  version: 4.17.21
  resolution: "lodash@npm:4.17.21"
  checksum: 10c0/d8cbea072bb08655bb4c989da418994b073a608dffa608b09ac04b43a791b12aeae7cd7ad919aa4c925f33b48490b5cfe6c1f71d827956071dae2e7bb3a6b74c
  languageName: node
  linkType: hard

"lru-cache@npm:^7.14.1":
  version: 7.18.3
  resolution: "lru-cache@npm:7.18.3"
  checksum: 10c0/b3a452b491433db885beed95041eb104c157ef7794b9c9b4d647be503be91769d11206bb573849a16b4cc0d03cbd15ffd22df7960997788b74c1d399ac7a4fed
  languageName: node
  linkType: hard

"ms@npm:^2.1.1, ms@npm:^2.1.3":
  version: 2.1.3
  resolution: "ms@npm:2.1.3"
  checksum: 10c0/d924b57e7312b3b63ad21fc5b3dc0af5e78d61a1fc7cfb5457edaf26326bf62be5307cc87ffb6862ef1c2b33b0233cdb5d4f01c4c958cc0d660948b65a287a48
  languageName: node
  linkType: hard

"node-releases@npm:^2.0.27":
  version: 2.0.27
  resolution: "node-releases@npm:2.0.27"
  checksum: 10c0/f1e6583b7833ea81880627748d28a3a7ff5703d5409328c216ae57befbced10ce2c991bea86434e8ec39003bd017f70481e2e5f8c1f7e0a7663241f81d6e00e2
  languageName: node
  linkType: hard

"package-a@workspace:folder-a":
  version: 0.0.0-use.local
  resolution: "package-a@workspace:folder-a"
  dependencies:
    "@babel/core": "npm:8.0.0-beta.3"
  languageName: unknown
  linkType: soft

"package-b@workspace:folder-b":
  version: 0.0.0-use.local
  resolution: "package-b@workspace:folder-b"
  dependencies:
    "@babel/core": "npm:7.0.0"
  languageName: unknown
  linkType: soft

"path-parse@npm:^1.0.7":
  version: 1.0.7
  resolution: "path-parse@npm:1.0.7"
  checksum: 10c0/11ce261f9d294cc7a58d6a574b7f1b935842355ec66fba3c3fd79e0f036462eaf07d0aa95bb74ff432f9afef97ce1926c720988c6a7451d8a584930ae7de86e1
  languageName: node
  linkType: hard

"picocolors@npm:^1.1.1":
  version: 1.1.1
  resolution: "picocolors@npm:1.1.1"
  checksum: 10c0/e2e3e8170ab9d7c7421969adaa7e1b31434f789afb9b3f115f6b96d91945041ac3ceb02e9ec6fe6510ff036bcc0bf91e69a1772edc0b707e12b19c0f2d6bcf58
  languageName: node
  linkType: hard

"resolutions-nested-test@workspace:.":
  version: 0.0.0-use.local
  resolution: "resolutions-nested-test@workspace:."
  languageName: unknown
  linkType: soft

"resolve@npm:^1.3.2":
  version: 1.22.11
  resolution: "resolve@npm:1.22.11"
  dependencies:
    is-core-module: "npm:^2.16.1"
    path-parse: "npm:^1.0.7"
    supports-preserve-symlinks-flag: "npm:^1.0.0"
  bin:
    resolve: bin/resolve
  checksum: 10c0/f657191507530f2cbecb5815b1ee99b20741ea6ee02a59c57028e9ec4c2c8d7681afcc35febbd554ac0ded459db6f2d8153382c53a2f266cee2575e512674409
  languageName: node
  linkType: hard

"resolve@patch:resolve@npm%3A^1.3.2#optional!builtin<compat/resolve>":
  version: 1.22.11
  resolution: "resolve@patch:resolve@npm%3A1.22.11#optional!builtin<compat/resolve>::version=1.22.11&hash=c3c19d"
  dependencies:
    is-core-module: "npm:^2.16.1"
    path-parse: "npm:^1.0.7"
    supports-preserve-symlinks-flag: "npm:^1.0.0"
  bin:
    resolve: bin/resolve
  checksum: 10c0/ee5b182f2e37cb1165465e58c6abc797fec0a80b5ba3231607beb4677db0c9291ac010c47cf092b6daa2b7f518d69a0e21888e7e2b633f68d501a874212a8c63
  languageName: node
  linkType: hard

"semver@npm:^5.4.1":
  version: 5.7.2
  resolution: "semver@npm:5.7.2"
  bin:
    semver: bin/semver
  checksum: 10c0/e4cf10f86f168db772ae95d86ba65b3fd6c5967c94d97c708ccb463b778c2ee53b914cd7167620950fc07faf5a564e6efe903836639e512a1aa15fbc9667fa25
  languageName: node
  linkType: hard

"semver@npm:^7.3.4":
  version: 7.7.3
  resolution: "semver@npm:7.7.3"
  bin:
    semver: bin/semver.js
  checksum: 10c0/4afe5c986567db82f44c8c6faef8fe9df2a9b1d98098fc1721f57c696c4c21cebd572f297fc21002f81889492345b8470473bc6f4aff5fb032a6ea59ea2bc45e
  languageName: node
  linkType: hard

"source-map@npm:^0.5.0":
  version: 0.5.7
  resolution: "source-map@npm:0.5.7"
  checksum: 10c0/904e767bb9c494929be013017380cbba013637da1b28e5943b566031e29df04fba57edf3f093e0914be094648b577372bd8ad247fa98cfba9c600794cd16b599
  languageName: node
  linkType: hard

"supports-preserve-symlinks-flag@npm:^1.0.0":
  version: 1.0.0
  resolution: "supports-preserve-symlinks-flag@npm:1.0.0"
  checksum: 10c0/6c4032340701a9950865f7ae8ef38578d8d7053f5e10518076e6554a9381fa91bd9c6850193695c141f32b21f979c985db07265a758867bac95de05f7d8aeb39
  languageName: node
  linkType: hard

"trim-right@npm:^1.0.1":
  version: 1.0.1
  resolution: "trim-right@npm:1.0.1"
  checksum: 10c0/71989ec179c6b42a56e03db68e60190baabf39d32d4e1252fa1501c4e478398ae29d7191beffe015b9d9dc76f04f4b3a946bdb9949ad6b0c0b0c5db65f3eb672
  languageName: node
  linkType: hard

"update-browserslist-db@npm:^1.2.0":
  version: 1.2.3
  resolution: "update-browserslist-db@npm:1.2.3"
  dependencies:
    escalade: "npm:^3.2.0"
    picocolors: "npm:^1.1.1"
  peerDependencies:
    browserslist: ">= 4.21.0"
  bin:
    update-browserslist-db: cli.js
  checksum: 10c0/13a00355ea822388f68af57410ce3255941d5fb9b7c49342c4709a07c9f230bbef7f7499ae0ca7e0de532e79a82cc0c4edbd125f1a323a1845bf914efddf8bec
  languageName: node
  linkType: hard
