# This file is generated by running "yarn install" inside your project.
# Manual changes might be lost - proceed with caution!

__metadata:
  version: 8
  cacheKey: 10c0

"chalk-template@npm:^1.1.2":
  version: 1.1.2
  resolution: "chalk-template@npm:1.1.2"
  dependencies:
    chalk: "npm:^5.2.0"
  checksum: 10c0/6d29b185c613cb117ae87c67cef80f531ae860ffb798f94dbf46597c3abaf69eb55bea5e57a99713086933c461ccff918bb70c6af491b83b109654da8b2c006f
  languageName: node
  linkType: hard

"chalk@npm:^5.2.0":
  version: 5.6.2
  resolution: "chalk@npm:5.6.2"
  checksum: 10c0/99a4b0f0e7991796b1e7e3f52dceb9137cae2a9dfc8fc0784a550dc4c558e15ab32ed70b14b21b52beb2679b4892b41a0aa44249bcb996f01e125d58477c6976
  languageName: node
  linkType: hard

"chalk@npm:~5.0.0":
  version: 5.0.1
  resolution: "chalk@npm:5.0.1"
  checksum: 10c0/97898611ae40cfdeda9778901731df1404ea49fac0eb8253804e8d21b8064917df9823e29c0c9d766aab623da1a0b43d0e072d19a73d4f62d0d9115aef4c64e6
  languageName: node
  linkType: hard

"package-a@workspace:folder-a":
  version: 0.0.0-use.local
  resolution: "package-a@workspace:folder-a"
  dependencies:
    chalk-template: "npm:^1.1.2"
  languageName: unknown
  linkType: soft

"package-b@workspace:folder-b":
  version: 0.0.0-use.local
  resolution: "package-b@workspace:folder-b"
  dependencies:
    chalk: "npm:~5.0.0"
  languageName: unknown
  linkType: soft

"patches-manual-transitive-test@workspace:.":
  version: 0.0.0-use.local
  resolution: "patches-manual-transitive-test@workspace:."
  languageName: unknown
  linkType: soft
