# This file is generated by running "yarn install" inside your project.
# Manual changes might be lost - proceed with caution!

__metadata:
  version: 8
  cacheKey: 10c0

"js-tokens@npm:^2.0.0":
  version: 2.0.0
  resolution: "js-tokens@npm:2.0.0"
  checksum: 10c0/e4e656f2ca6a89099d487e2146b28d4ec9ed5876339389d99d0b81a0a84d28e35e9eff500979eed390b01eb171d4e5c8e9efe02e11bead966b14f6efbfc8cf0b
  languageName: node
  linkType: hard

"loose-envify@npm:^1.1.0":
  version: 1.4.0
  resolution: "loose-envify@npm:1.4.0"
  dependencies:
    js-tokens: "npm:^3.0.0 || ^4.0.0"
  bin:
    loose-envify: cli.js
  checksum: 10c0/655d110220983c1a4b9c0c679a2e8016d4b67f6e9c7b5435ff5979ecdb20d0813f4dec0a08674fcbdd4846a3f07edbb50a36811fd37930b94aaa0d9daceb017e
  languageName: node
  linkType: hard

"package-a@workspace:folder-a":
  version: 0.0.0-use.local
  resolution: "package-a@workspace:folder-a"
  dependencies:
    scheduler: "npm:^0.26.0"
  languageName: unknown
  linkType: soft

"package-b@workspace:folder-b":
  version: 0.0.0-use.local
  resolution: "package-b@workspace:folder-b"
  dependencies:
    scheduler: "npm:^0.27.0"
  languageName: unknown
  linkType: soft

"resolutions-test@workspace:.":
  version: 0.0.0-use.local
  resolution: "resolutions-test@workspace:."
  languageName: unknown
  linkType: soft

"scheduler@npm:^0.23.0":
  version: 0.23.2
  resolution: "scheduler@npm:0.23.2"
  dependencies:
    loose-envify: "npm:^1.1.0"
  checksum: 10c0/26383305e249651d4c58e6705d5f8425f153211aef95f15161c151f7b8de885f24751b377e4a0b3dd42cce09aad3f87a61dab7636859c0d89b7daf1a1e2a5c78
  languageName: node
  linkType: hard
